
Microsoft Visual Studio Solution File, Format Version 12.00
# Visual Studio Version 17
VisualStudioVersion = 17.1.32328.378
MinimumVisualStudioVersion = 10.0.40219.1
Project("{2150E333-8FDC-42A3-9474-1A3956D46DE8}") = "Core", "Core", "{2FDAA56D-1AA6-49CB-A570-71AC187AEB73}"
EndProject
Project("{FAE04EC0-301F-11D3-BF4B-00C04F79EFBC}") = "ECommerceAPI.Application", "ECommerceAPI\Core\ECommerceAPI.Application\ECommerceAPI.Application.csproj", "{FA4C1061-23C1-4AAD-90F6-BC5689501126}"
EndProject
Project("{FAE04EC0-301F-11D3-BF4B-00C04F79EFBC}") = "ECommerceAPI.Domain", "ECommerceAPI\Core\ECommerceAPI.Domain\ECommerceAPI.Domain.csproj", "{9A3EE8DC-D150-4EC2-BF12-8D2AC777F01E}"
EndProject
Project("{2150E333-8FDC-42A3-9474-1A3956D46DE8}") = "Infrastructure", "Infrastructure", "{E5932BBB-5261-4AFB-A956-A18A8E79CDE7}"
EndProject
Project("{FAE04EC0-301F-11D3-BF4B-00C04F79EFBC}") = "ECommerceAPI.Infrastructure", "ECommerceAPI\Infrastructure\ECommerceAPI.Infrastructure\ECommerceAPI.Infrastructure.csproj", "{FB2F78AE-20AC-4532-9EA0-B1F79008F325}"
EndProject
Project("{FAE04EC0-301F-11D3-BF4B-00C04F79EFBC}") = "ECommerceAPI.Persistance", "ECommerceAPI\Infrastructure\ECommerceAPI.Persistance\ECommerceAPI.Persistance.csproj", "{1F42B5D1-8661-475A-8C5B-3EE6A300071C}"
EndProject
Project("{2150E333-8FDC-42A3-9474-1A3956D46DE8}") = "Presentation", "Presentation", "{251873F1-7963-4BEA-BD6B-50950595EB4A}"
EndProject
Project("{FAE04EC0-301F-11D3-BF4B-00C04F79EFBC}") = "ECommerceAPI.API", "ECommerceAPI\Presentation\ECommerceAPI.API\ECommerceAPI.API.csproj", "{9E28543A-D4FD-4D7C-9CB8-213995B87548}"
EndProject
Global
	GlobalSection(SolutionConfigurationPlatforms) = preSolution
		Debug|Any CPU = Debug|Any CPU
		Release|Any CPU = Release|Any CPU
	EndGlobalSection
	GlobalSection(ProjectConfigurationPlatforms) = postSolution
		{FA4C1061-23C1-4AAD-90F6-BC5689501126}.Debug|Any CPU.ActiveCfg = Debug|Any CPU
		{FA4C1061-23C1-4AAD-90F6-BC5689501126}.Debug|Any CPU.Build.0 = Debug|Any CPU
		{FA4C1061-23C1-4AAD-90F6-BC5689501126}.Release|Any CPU.ActiveCfg = Release|Any CPU
		{FA4C1061-23C1-4AAD-90F6-BC5689501126}.Release|Any CPU.Build.0 = Release|Any CPU
		{9A3EE8DC-D150-4EC2-BF12-8D2AC777F01E}.Debug|Any CPU.ActiveCfg = Debug|Any CPU
		{9A3EE8DC-D150-4EC2-BF12-8D2AC777F01E}.Debug|Any CPU.Build.0 = Debug|Any CPU
		{9A3EE8DC-D150-4EC2-BF12-8D2AC777F01E}.Release|Any CPU.ActiveCfg = Release|Any CPU
		{9A3EE8DC-D150-4EC2-BF12-8D2AC777F01E}.Release|Any CPU.Build.0 = Release|Any CPU
		{FB2F78AE-20AC-4532-9EA0-B1F79008F325}.Debug|Any CPU.ActiveCfg = Debug|Any CPU
		{FB2F78AE-20AC-4532-9EA0-B1F79008F325}.Debug|Any CPU.Build.0 = Debug|Any CPU
		{FB2F78AE-20AC-4532-9EA0-B1F79008F325}.Release|Any CPU.ActiveCfg = Release|Any CPU
		{FB2F78AE-20AC-4532-9EA0-B1F79008F325}.Release|Any CPU.Build.0 = Release|Any CPU
		{1F42B5D1-8661-475A-8C5B-3EE6A300071C}.Debug|Any CPU.ActiveCfg = Debug|Any CPU
		{1F42B5D1-8661-475A-8C5B-3EE6A300071C}.Debug|Any CPU.Build.0 = Debug|Any CPU
		{1F42B5D1-8661-475A-8C5B-3EE6A300071C}.Release|Any CPU.ActiveCfg = Release|Any CPU
		{1F42B5D1-8661-475A-8C5B-3EE6A300071C}.Release|Any CPU.Build.0 = Release|Any CPU
		{9E28543A-D4FD-4D7C-9CB8-213995B87548}.Debug|Any CPU.ActiveCfg = Debug|Any CPU
		{9E28543A-D4FD-4D7C-9CB8-213995B87548}.Debug|Any CPU.Build.0 = Debug|Any CPU
		{9E28543A-D4FD-4D7C-9CB8-213995B87548}.Release|Any CPU.ActiveCfg = Release|Any CPU
		{9E28543A-D4FD-4D7C-9CB8-213995B87548}.Release|Any CPU.Build.0 = Release|Any CPU
	EndGlobalSection
	GlobalSection(SolutionProperties) = preSolution
		HideSolutionNode = FALSE
	EndGlobalSection
	GlobalSection(NestedProjects) = preSolution
		{FA4C1061-23C1-4AAD-90F6-BC5689501126} = {2FDAA56D-1AA6-49CB-A570-71AC187AEB73}
		{9A3EE8DC-D150-4EC2-BF12-8D2AC777F01E} = {2FDAA56D-1AA6-49CB-A570-71AC187AEB73}
		{FB2F78AE-20AC-4532-9EA0-B1F79008F325} = {E5932BBB-5261-4AFB-A956-A18A8E79CDE7}
		{1F42B5D1-8661-475A-8C5B-3EE6A300071C} = {E5932BBB-5261-4AFB-A956-A18A8E79CDE7}
		{9E28543A-D4FD-4D7C-9CB8-213995B87548} = {251873F1-7963-4BEA-BD6B-50950595EB4A}
	EndGlobalSection
	GlobalSection(ExtensibilityGlobals) = postSolution
		SolutionGuid = {9EF94D09-ED90-439A-8308-7226DAF79D10}
	EndGlobalSection
EndGlobal
